
Microsoft Visual Studio Solution File, Format Version 12.00
# Visual Studio 15
VisualStudioVersion = 15.0.27703.2035
MinimumVisualStudioVersion = 10.0.40219.1
Project("{FAE04EC0-301F-11D3-BF4B-00C04F79EFBC}") = "五子棋", "五子棋\五子棋.csproj", "{EB0DDB39-E54B-41FF-ADA1-EBDBFE658CB5}"
EndProject
Global
	GlobalSection(SolutionConfigurationPlatforms) = preSolution
		Debug|Any CPU = Debug|Any CPU
		Release|Any CPU = Release|Any CPU
	EndGlobalSection
	GlobalSection(ProjectConfigurationPlatforms) = postSolution
		{EB0DDB39-E54B-41FF-ADA1-EBDBFE658CB5}.Debug|Any CPU.ActiveCfg = Debug|Any CPU
		{EB0DDB39-E54B-41FF-ADA1-EBDBFE658CB5}.Debug|Any CPU.Build.0 = Debug|Any CPU
		{EB0DDB39-E54B-41FF-ADA1-EBDBFE658CB5}.Release|Any CPU.ActiveCfg = Release|Any CPU
		{EB0DDB39-E54B-41FF-ADA1-EBDBFE658CB5}.Release|Any CPU.Build.0 = Release|Any CPU
	EndGlobalSection
	GlobalSection(SolutionProperties) = preSolution
		HideSolutionNode = FALSE
	EndGlobalSection
	GlobalSection(ExtensibilityGlobals) = postSolution
		SolutionGuid = {97E12826-1D5E-436E-BBC9-81814199C9C7}
	EndGlobalSection
EndGlobal
